
Microsoft Visual Studio Solution File, Format Version 12.00
# Visual Studio 15
VisualStudioVersion = 15.0.27130.2036
MinimumVisualStudioVersion = 10.0.40219.1
Project("{FAE04EC0-301F-11D3-BF4B-00C04F79EFBC}") = "P01_HospitalDatabase", "P01_HospitalDatabase\P01_HospitalDatabase.csproj", "{3C1C578D-D24C-4AA1-9D5B-4547100062E2}"
EndProject
Project("{FAE04EC0-301F-11D3-BF4B-00C04F79EFBC}") = "P03_SalesDatabase", "P03_SalesDatabase\P03_SalesDatabase.csproj", "{EDF5E486-A3F4-4529-8CC4-A8205A724B5F}"
EndProject
Global
	GlobalSection(SolutionConfigurationPlatforms) = preSolution
		Debug|Any CPU = Debug|Any CPU
		Release|Any CPU = Release|Any CPU
	EndGlobalSection
	GlobalSection(ProjectConfigurationPlatforms) = postSolution
		{3C1C578D-D24C-4AA1-9D5B-4547100062E2}.Debug|Any CPU.ActiveCfg = Debug|Any CPU
		{3C1C578D-D24C-4AA1-9D5B-4547100062E2}.Debug|Any CPU.Build.0 = Debug|Any CPU
		{3C1C578D-D24C-4AA1-9D5B-4547100062E2}.Release|Any CPU.ActiveCfg = Release|Any CPU
		{3C1C578D-D24C-4AA1-9D5B-4547100062E2}.Release|Any CPU.Build.0 = Release|Any CPU
		{EDF5E486-A3F4-4529-8CC4-A8205A724B5F}.Debug|Any CPU.ActiveCfg = Debug|Any CPU
		{EDF5E486-A3F4-4529-8CC4-A8205A724B5F}.Debug|Any CPU.Build.0 = Debug|Any CPU
		{EDF5E486-A3F4-4529-8CC4-A8205A724B5F}.Release|Any CPU.ActiveCfg = Release|Any CPU
		{EDF5E486-A3F4-4529-8CC4-A8205A724B5F}.Release|Any CPU.Build.0 = Release|Any CPU
	EndGlobalSection
	GlobalSection(SolutionProperties) = preSolution
		HideSolutionNode = FALSE
	EndGlobalSection
	GlobalSection(ExtensibilityGlobals) = postSolution
		SolutionGuid = {D871CF82-DF81-4579-926B-42EF71C7148B}
	EndGlobalSection
EndGlobal
